{
  "name": "OLS-582-Lego-Case-Study",
  "lockfileVersion": 3,
  "requires": true,
  "packages": {
    "": {
      "dependencies": {
        "@iconify-json/tabler": "^1.2.19"
      }
    },
    "node_modules/@iconify-json/tabler": {
      "version": "1.2.19",
      "resolved": "https://registry.npmjs.org/@iconify-json/tabler/-/tabler-1.2.19.tgz",
      "integrity": "sha512-JDeQTQxHD8KE12pAbPVHX1WFVOPq8D0XfRb/LwYHwGwYE0HP9OIjJ//TKxS1Gt++RirYu6Xsx+Jm5LA5KbykoA==",
      "license": "MIT",
      "dependencies": {
        "@iconify/types": "*"
      }
    },
    "node_modules/@iconify/types": {
      "version": "2.0.0",
      "resolved": "https://registry.npmjs.org/@iconify/types/-/types-2.0.0.tgz",
      "integrity": "sha512-+wluvCrRhXrhyOmRDJ3q8mux9JkKy5SJ/v8ol2tu4FVjyYvtEzkc/3pK15ET6RKg4b4w4BmTk1+gsCUhf21Ykg==",
      "license": "MIT"
    }
  }
}
