lockfileVersion: '9.0'

settings:
  autoInstallPeers: true
  excludeLinksFromLockfile: false

importers:

  .:
    dependencies:
      '@iconify-json/tabler':
        specifier: ^1.2.19
        version: 1.2.19

packages:

  '@iconify-json/tabler@1.2.19':
    resolution: {integrity: sha512-JDeQTQxHD8KE12pAbPVHX1WFVOPq8D0XfRb/LwYHwGwYE0HP9OIjJ//TKxS1Gt++RirYu6Xsx+Jm5LA5KbykoA==}

  '@iconify/types@2.0.0':
    resolution: {integrity: sha512-+wluvCrRhXrhyOmRDJ3q8mux9JkKy5SJ/v8ol2tu4FVjyYvtEzkc/3pK15ET6RKg4b4w4BmTk1+gsCUhf21Ykg==}

snapshots:

  '@iconify-json/tabler@1.2.19':
    dependencies:
      '@iconify/types': 2.0.0

  '@iconify/types@2.0.0': {}
